// !$*UTF8*$!
{
	archiveVersion = 1;
	classes = {
	};
	objectVersion = 56;
	objects = {

/* Begin PBXBuildFile section */
		2302F2D72C8732A7004F2AD6 /* TravelViewModel.swift in Sources */ = {isa = PBXBuildFile; fileRef = 2302F2D62C8732A7004F2AD6 /* TravelViewModel.swift */; };
		239DFB8E2C84C0D30030DEA0 /* ListView.swift in Sources */ = {isa = PBXBuildFile; fileRef = 239DFB8D2C84C0D30030DEA0 /* ListView.swift */; };
		23F675F02C89E27500D4EEEA /* TravelVistaTests.swift in Sources */ = {isa = PBXBuildFile; fileRef = 23F675EF2C89E27500D4EEEA /* TravelVistaTests.swift */; };
		23FD18FA2C84AC11001EA913 /* TitleViewSwiftUI.swift in Sources */ = {isa = PBXBuildFile; fileRef = 23FD18F92C84AC11001EA913 /* TitleViewSwiftUI.swift */; };
		424C31BB2B30919400279238 /* CustomCell.swift in Sources */ = {isa = PBXBuildFile; fileRef = 424C31BA2B30919400279238 /* CustomCell.swift */; };
		424C31BD2B30955E00279238 /* DetailViewController.swift in Sources */ = {isa = PBXBuildFile; fileRef = 424C31BC2B30955E00279238 /* DetailViewController.swift */; };
		424C31C02B30A39B00279238 /* MapViewController.swift in Sources */ = {isa = PBXBuildFile; fileRef = 424C31BF2B30A39B00279238 /* MapViewController.swift */; };
		424C31C42B30A72300279238 /* Model.swift in Sources */ = {isa = PBXBuildFile; fileRef = 424C31C32B30A72300279238 /* Model.swift */; };
		424C31C62B30A76900279238 /* Source.json in Resources */ = {isa = PBXBuildFile; fileRef = 424C31C52B30A76900279238 /* Source.json */; };
		424C31C82B30A78B00279238 /* Service.swift in Sources */ = {isa = PBXBuildFile; fileRef = 424C31C72B30A78B00279238 /* Service.swift */; };
		42B90C132B2A055B00779364 /* AppDelegate.swift in Sources */ = {isa = PBXBuildFile; fileRef = 42B90C122B2A055B00779364 /* AppDelegate.swift */; };
		42B90C1A2B2A055B00779364 /* Main.storyboard in Resources */ = {isa = PBXBuildFile; fileRef = 42B90C182B2A055B00779364 /* Main.storyboard */; };
		42B90C1C2B2A056000779364 /* Assets.xcassets in Resources */ = {isa = PBXBuildFile; fileRef = 42B90C1B2B2A056000779364 /* Assets.xcassets */; };
		42B90C1F2B2A056000779364 /* LaunchScreen.storyboard in Resources */ = {isa = PBXBuildFile; fileRef = 42B90C1D2B2A056000779364 /* LaunchScreen.storyboard */; };
/* End PBXBuildFile section */

/* Begin PBXContainerItemProxy section */
		23F675F12C89E27500D4EEEA /* PBXContainerItemProxy */ = {
			isa = PBXContainerItemProxy;
			containerPortal = 42B90C072B2A055A00779364 /* Project object */;
			proxyType = 1;
			remoteGlobalIDString = 42B90C0E2B2A055B00779364;
			remoteInfo = TravelVista;
		};
/* End PBXContainerItemProxy section */

/* Begin PBXFileReference section */
		2302F2D62C8732A7004F2AD6 /* TravelViewModel.swift */ = {isa = PBXFileReference; lastKnownFileType = sourcecode.swift; path = TravelViewModel.swift; sourceTree = "<group>"; };
		239DFB8D2C84C0D30030DEA0 /* ListView.swift */ = {isa = PBXFileReference; lastKnownFileType = sourcecode.swift; path = ListView.swift; sourceTree = "<group>"; };
		23F675ED2C89E27500D4EEEA /* TravelVistaTests.xctest */ = {isa = PBXFileReference; explicitFileType = wrapper.cfbundle; includeInIndex = 0; path = TravelVistaTests.xctest; sourceTree = BUILT_PRODUCTS_DIR; };
		23F675EF2C89E27500D4EEEA /* TravelVistaTests.swift */ = {isa = PBXFileReference; lastKnownFileType = sourcecode.swift; path = TravelVistaTests.swift; sourceTree = "<group>"; };
		23FD18F92C84AC11001EA913 /* TitleViewSwiftUI.swift */ = {isa = PBXFileReference; lastKnownFileType = sourcecode.swift; path = TitleViewSwiftUI.swift; sourceTree = "<group>"; };
		424C31BA2B30919400279238 /* CustomCell.swift */ = {isa = PBXFileReference; lastKnownFileType = sourcecode.swift; path = CustomCell.swift; sourceTree = "<group>"; };
		424C31BC2B30955E00279238 /* DetailViewController.swift */ = {isa = PBXFileReference; fileEncoding = 4; lastKnownFileType = sourcecode.swift; path = DetailViewController.swift; sourceTree = "<group>"; };
		424C31BF2B30A39B00279238 /* MapViewController.swift */ = {isa = PBXFileReference; lastKnownFileType = sourcecode.swift; path = MapViewController.swift; sourceTree = "<group>"; };
		424C31C32B30A72300279238 /* Model.swift */ = {isa = PBXFileReference; lastKnownFileType = sourcecode.swift; path = Model.swift; sourceTree = "<group>"; };
		424C31C52B30A76900279238 /* Source.json */ = {isa = PBXFileReference; lastKnownFileType = text.json; path = Source.json; sourceTree = "<group>"; };
		424C31C72B30A78B00279238 /* Service.swift */ = {isa = PBXFileReference; lastKnownFileType = sourcecode.swift; path = Service.swift; sourceTree = "<group>"; };
		42B90C0F2B2A055B00779364 /* TravelVista.app */ = {isa = PBXFileReference; explicitFileType = wrapper.application; includeInIndex = 0; path = TravelVista.app; sourceTree = BUILT_PRODUCTS_DIR; };
		42B90C122B2A055B00779364 /* AppDelegate.swift */ = {isa = PBXFileReference; lastKnownFileType = sourcecode.swift; path = AppDelegate.swift; sourceTree = "<group>"; };
		42B90C192B2A055B00779364 /* Base */ = {isa = PBXFileReference; lastKnownFileType = file.storyboard; name = Base; path = Base.lproj/Main.storyboard; sourceTree = "<group>"; };
		42B90C1B2B2A056000779364 /* Assets.xcassets */ = {isa = PBXFileReference; lastKnownFileType = folder.assetcatalog; path = Assets.xcassets; sourceTree = "<group>"; };
		42B90C1E2B2A056000779364 /* Base */ = {isa = PBXFileReference; lastKnownFileType = file.storyboard; name = Base; path = Base.lproj/LaunchScreen.storyboard; sourceTree = "<group>"; };
		42B90C202B2A056000779364 /* Info.plist */ = {isa = PBXFileReference; lastKnownFileType = text.plist.xml; path = Info.plist; sourceTree = "<group>"; };
/* End PBXFileReference section */

/* Begin PBXFrameworksBuildPhase section */
		23F675EA2C89E27500D4EEEA /* Frameworks */ = {
			isa = PBXFrameworksBuildPhase;
			buildActionMask = 2147483647;
			files = (
			);
			runOnlyForDeploymentPostprocessing = 0;
		};
		42B90C0C2B2A055B00779364 /* Frameworks */ = {
			isa = PBXFrameworksBuildPhase;
			buildActionMask = 2147483647;
			files = (
			);
			runOnlyForDeploymentPostprocessing = 0;
		};
/* End PBXFrameworksBuildPhase section */

/* Begin PBXGroup section */
		2302F2D52C873259004F2AD6 /* ViewModel */ = {
			isa = PBXGroup;
			children = (
				2302F2D62C8732A7004F2AD6 /* TravelViewModel.swift */,
			);
			path = ViewModel;
			sourceTree = "<group>";
		};
		23F675EE2C89E27500D4EEEA /* TravelVistaTests */ = {
			isa = PBXGroup;
			children = (
				23F675F62C89E27E00D4EEEA /* ViewModel */,
				23F675EF2C89E27500D4EEEA /* TravelVistaTests.swift */,
			);
			path = TravelVistaTests;
			sourceTree = "<group>";
		};
		23F675F62C89E27E00D4EEEA /* ViewModel */ = {
			isa = PBXGroup;
			children = (
			);
			path = ViewModel;
			sourceTree = "<group>";
		};
		424C31BE2B30956400279238 /* Views */ = {
			isa = PBXGroup;
			children = (
				424C31BC2B30955E00279238 /* DetailViewController.swift */,
				424C31BA2B30919400279238 /* CustomCell.swift */,
				424C31BF2B30A39B00279238 /* MapViewController.swift */,
				23FD18F92C84AC11001EA913 /* TitleViewSwiftUI.swift */,
				239DFB8D2C84C0D30030DEA0 /* ListView.swift */,
			);
			path = Views;
			sourceTree = "<group>";
		};
		424C31C92B30ABE600279238 /* Model */ = {
			isa = PBXGroup;
			children = (
				424C31C32B30A72300279238 /* Model.swift */,
				424C31C52B30A76900279238 /* Source.json */,
				424C31C72B30A78B00279238 /* Service.swift */,
			);
			path = Model;
			sourceTree = "<group>";
		};
		42B90C062B2A055A00779364 = {
			isa = PBXGroup;
			children = (
				42B90C112B2A055B00779364 /* TravelVista */,
				23F675EE2C89E27500D4EEEA /* TravelVistaTests */,
				42B90C102B2A055B00779364 /* Products */,
			);
			sourceTree = "<group>";
		};
		42B90C102B2A055B00779364 /* Products */ = {
			isa = PBXGroup;
			children = (
				42B90C0F2B2A055B00779364 /* TravelVista.app */,
				23F675ED2C89E27500D4EEEA /* TravelVistaTests.xctest */,
			);
			name = Products;
			sourceTree = "<group>";
		};
		42B90C112B2A055B00779364 /* TravelVista */ = {
			isa = PBXGroup;
			children = (
				424C31C92B30ABE600279238 /* Model */,
				424C31BE2B30956400279238 /* Views */,
				2302F2D52C873259004F2AD6 /* ViewModel */,
				42B90C122B2A055B00779364 /* AppDelegate.swift */,
				42B90C182B2A055B00779364 /* Main.storyboard */,
				42B90C1B2B2A056000779364 /* Assets.xcassets */,
				42B90C1D2B2A056000779364 /* LaunchScreen.storyboard */,
				42B90C202B2A056000779364 /* Info.plist */,
			);
			path = TravelVista;
			sourceTree = "<group>";
		};
/* End PBXGroup section */

/* Begin PBXNativeTarget section */
		23F675EC2C89E27500D4EEEA /* TravelVistaTests */ = {
			isa = PBXNativeTarget;
			buildConfigurationList = 23F675F32C89E27500D4EEEA /* Build configuration list for PBXNativeTarget "TravelVistaTests" */;
			buildPhases = (
				23F675E92C89E27500D4EEEA /* Sources */,
				23F675EA2C89E27500D4EEEA /* Frameworks */,
				23F675EB2C89E27500D4EEEA /* Resources */,
			);
			buildRules = (
			);
			dependencies = (
				23F675F22C89E27500D4EEEA /* PBXTargetDependency */,
			);
			name = TravelVistaTests;
			productName = TravelVistaTests;
			productReference = 23F675ED2C89E27500D4EEEA /* TravelVistaTests.xctest */;
			productType = "com.apple.product-type.bundle.unit-test";
		};
		42B90C0E2B2A055B00779364 /* TravelVista */ = {
			isa = PBXNativeTarget;
			buildConfigurationList = 42B90C232B2A056000779364 /* Build configuration list for PBXNativeTarget "TravelVista" */;
			buildPhases = (
				42B90C0B2B2A055B00779364 /* Sources */,
				42B90C0C2B2A055B00779364 /* Frameworks */,
				42B90C0D2B2A055B00779364 /* Resources */,
			);
			buildRules = (
			);
			dependencies = (
			);
			name = TravelVista;
			productName = TravelVista;
			productReference = 42B90C0F2B2A055B00779364 /* TravelVista.app */;
			productType = "com.apple.product-type.application";
		};
/* End PBXNativeTarget section */

/* Begin PBXProject section */
		42B90C072B2A055A00779364 /* Project object */ = {
			isa = PBXProject;
			attributes = {
				BuildIndependentTargetsInParallel = 1;
				LastSwiftUpdateCheck = 1420;
				LastUpgradeCheck = 1500;
				TargetAttributes = {
					23F675EC2C89E27500D4EEEA = {
						CreatedOnToolsVersion = 14.2;
						TestTargetID = 42B90C0E2B2A055B00779364;
					};
					42B90C0E2B2A055B00779364 = {
						CreatedOnToolsVersion = 15.0.1;
					};
				};
			};
			buildConfigurationList = 42B90C0A2B2A055A00779364 /* Build configuration list for PBXProject "TravelVista" */;
			compatibilityVersion = "Xcode 14.0";
			developmentRegion = en;
			hasScannedForEncodings = 0;
			knownRegions = (
				en,
				Base,
			);
			mainGroup = 42B90C062B2A055A00779364;
			productRefGroup = 42B90C102B2A055B00779364 /* Products */;
			projectDirPath = "";
			projectRoot = "";
			targets = (
				42B90C0E2B2A055B00779364 /* TravelVista */,
				23F675EC2C89E27500D4EEEA /* TravelVistaTests */,
			);
		};
/* End PBXProject section */

/* Begin PBXResourcesBuildPhase section */
		23F675EB2C89E27500D4EEEA /* Resources */ = {
			isa = PBXResourcesBuildPhase;
			buildActionMask = 2147483647;
			files = (
			);
			runOnlyForDeploymentPostprocessing = 0;
		};
		42B90C0D2B2A055B00779364 /* Resources */ = {
			isa = PBXResourcesBuildPhase;
			buildActionMask = 2147483647;
			files = (
				424C31C62B30A76900279238 /* Source.json in Resources */,
				42B90C1F2B2A056000779364 /* LaunchScreen.storyboard in Resources */,
				42B90C1C2B2A056000779364 /* Assets.xcassets in Resources */,
				42B90C1A2B2A055B00779364 /* Main.storyboard in Resources */,
			);
			runOnlyForDeploymentPostprocessing = 0;
		};
/* End PBXResourcesBuildPhase section */

/* Begin PBXSourcesBuildPhase section */
		23F675E92C89E27500D4EEEA /* Sources */ = {
			isa = PBXSourcesBuildPhase;
			buildActionMask = 2147483647;
			files = (
				23F675F02C89E27500D4EEEA /* TravelVistaTests.swift in Sources */,
			);
			runOnlyForDeploymentPostprocessing = 0;
		};
		42B90C0B2B2A055B00779364 /* Sources */ = {
			isa = PBXSourcesBuildPhase;
			buildActionMask = 2147483647;
			files = (
				424C31C42B30A72300279238 /* Model.swift in Sources */,
				424C31C82B30A78B00279238 /* Service.swift in Sources */,
				424C31C02B30A39B00279238 /* MapViewController.swift in Sources */,
				239DFB8E2C84C0D30030DEA0 /* ListView.swift in Sources */,
				42B90C132B2A055B00779364 /* AppDelegate.swift in Sources */,
				2302F2D72C8732A7004F2AD6 /* TravelViewModel.swift in Sources */,
				424C31BD2B30955E00279238 /* DetailViewController.swift in Sources */,
				424C31BB2B30919400279238 /* CustomCell.swift in Sources */,
				23FD18FA2C84AC11001EA913 /* TitleViewSwiftUI.swift in Sources */,
			);
			runOnlyForDeploymentPostprocessing = 0;
		};
/* End PBXSourcesBuildPhase section */

/* Begin PBXTargetDependency section */
		23F675F22C89E27500D4EEEA /* PBXTargetDependency */ = {
			isa = PBXTargetDependency;
			target = 42B90C0E2B2A055B00779364 /* TravelVista */;
			targetProxy = 23F675F12C89E27500D4EEEA /* PBXContainerItemProxy */;
		};
/* End PBXTargetDependency section */

/* Begin PBXVariantGroup section */
		42B90C182B2A055B00779364 /* Main.storyboard */ = {
			isa = PBXVariantGroup;
			children = (
				42B90C192B2A055B00779364 /* Base */,
			);
			name = Main.storyboard;
			sourceTree = "<group>";
		};
		42B90C1D2B2A056000779364 /* LaunchScreen.storyboard */ = {
			isa = PBXVariantGroup;
			children = (
				42B90C1E2B2A056000779364 /* Base */,
			);
			name = LaunchScreen.storyboard;
			sourceTree = "<group>";
		};
/* End PBXVariantGroup section */

/* Begin XCBuildConfiguration section */
		23F675F42C89E27500D4EEEA /* Debug */ = {
			isa = XCBuildConfiguration;
			buildSettings = {
				BUNDLE_LOADER = "$(TEST_HOST)";
				CODE_SIGN_STYLE = Automatic;
				CURRENT_PROJECT_VERSION = 1;
				DEVELOPMENT_TEAM = 99UMC25BBL;
				GCC_C_LANGUAGE_STANDARD = gnu11;
				GENERATE_INFOPLIST_FILE = YES;
				IPHONEOS_DEPLOYMENT_TARGET = 16.2;
				MARKETING_VERSION = 1.0;
				PRODUCT_BUNDLE_IDENTIFIER = "Aimants-d-Animaux.TravelVistaTests";
				PRODUCT_NAME = "$(TARGET_NAME)";
				SWIFT_ACTIVE_COMPILATION_CONDITIONS = DEBUG;
				SWIFT_EMIT_LOC_STRINGS = NO;
				SWIFT_VERSION = 5.0;
				TARGETED_DEVICE_FAMILY = "1,2";
				TEST_HOST = "$(BUILT_PRODUCTS_DIR)/TravelVista.app/$(BUNDLE_EXECUTABLE_FOLDER_PATH)/TravelVista";
			};
			name = Debug;
		};
		23F675F52C89E27500D4EEEA /* Release */ = {
			isa = XCBuildConfiguration;
			buildSettings = {
				BUNDLE_LOADER = "$(TEST_HOST)";
				CODE_SIGN_STYLE = Automatic;
				CURRENT_PROJECT_VERSION = 1;
				DEVELOPMENT_TEAM = 99UMC25BBL;
				GCC_C_LANGUAGE_STANDARD = gnu11;
				GENERATE_INFOPLIST_FILE = YES;
				IPHONEOS_DEPLOYMENT_TARGET = 16.2;
				MARKETING_VERSION = 1.0;
				PRODUCT_BUNDLE_IDENTIFIER = "Aimants-d-Animaux.TravelVistaTests";
				PRODUCT_NAME = "$(TARGET_NAME)";
				SWIFT_EMIT_LOC_STRINGS = NO;
				SWIFT_OPTIMIZATION_LEVEL = "-O";
				SWIFT_VERSION = 5.0;
				TARGETED_DEVICE_FAMILY = "1,2";
				TEST_HOST = "$(BUILT_PRODUCTS_DIR)/TravelVista.app/$(BUNDLE_EXECUTABLE_FOLDER_PATH)/TravelVista";
			};
			name = Release;
		};
		42B90C212B2A056000779364 /* Debug */ = {
			isa = XCBuildConfiguration;
			buildSettings = {
				ALWAYS_SEARCH_USER_PATHS = NO;
				ASSETCATALOG_COMPILER_GENERATE_SWIFT_ASSET_SYMBOL_EXTENSIONS = YES;
				CLANG_ANALYZER_NONNULL = YES;
				CLANG_ANALYZER_NUMBER_OBJECT_CONVERSION = YES_AGGRESSIVE;
				CLANG_CXX_LANGUAGE_STANDARD = "gnu++20";
				CLANG_ENABLE_MODULES = YES;
				CLANG_ENABLE_OBJC_ARC = YES;
				CLANG_ENABLE_OBJC_WEAK = YES;
				CLANG_WARN_BLOCK_CAPTURE_AUTORELEASING = YES;
				CLANG_WARN_BOOL_CONVERSION = YES;
				CLANG_WARN_COMMA = YES;
				CLANG_WARN_CONSTANT_CONVERSION = YES;
				CLANG_WARN_DEPRECATED_OBJC_IMPLEMENTATIONS = YES;
				CLANG_WARN_DIRECT_OBJC_ISA_USAGE = YES_ERROR;
				CLANG_WARN_DOCUMENTATION_COMMENTS = YES;
				CLANG_WARN_EMPTY_BODY = YES;
				CLANG_WARN_ENUM_CONVERSION = YES;
				CLANG_WARN_INFINITE_RECURSION = YES;
				CLANG_WARN_INT_CONVERSION = YES;
				CLANG_WARN_NON_LITERAL_NULL_CONVERSION = YES;
				CLANG_WARN_OBJC_IMPLICIT_RETAIN_SELF = YES;
				CLANG_WARN_OBJC_LITERAL_CONVERSION = YES;
				CLANG_WARN_OBJC_ROOT_CLASS = YES_ERROR;
				CLANG_WARN_QUOTED_INCLUDE_IN_FRAMEWORK_HEADER = YES;
				CLANG_WARN_RANGE_LOOP_ANALYSIS = YES;
				CLANG_WARN_STRICT_PROTOTYPES = YES;
				CLANG_WARN_SUSPICIOUS_MOVE = YES;
				CLANG_WARN_UNGUARDED_AVAILABILITY = YES_AGGRESSIVE;
				CLANG_WARN_UNREACHABLE_CODE = YES;
				CLANG_WARN__DUPLICATE_METHOD_MATCH = YES;
				COPY_PHASE_STRIP = NO;
				DEBUG_INFORMATION_FORMAT = dwarf;
				ENABLE_STRICT_OBJC_MSGSEND = YES;
				ENABLE_TESTABILITY = YES;
				ENABLE_USER_SCRIPT_SANDBOXING = YES;
				GCC_C_LANGUAGE_STANDARD = gnu17;
				GCC_DYNAMIC_NO_PIC = NO;
				GCC_NO_COMMON_BLOCKS = YES;
				GCC_OPTIMIZATION_LEVEL = 0;
				GCC_PREPROCESSOR_DEFINITIONS = (
					"DEBUG=1",
					"$(inherited)",
				);
				GCC_WARN_64_TO_32_BIT_CONVERSION = YES;
				GCC_WARN_ABOUT_RETURN_TYPE = YES_ERROR;
				GCC_WARN_UNDECLARED_SELECTOR = YES;
				GCC_WARN_UNINITIALIZED_AUTOS = YES_AGGRESSIVE;
				GCC_WARN_UNUSED_FUNCTION = YES;
				GCC_WARN_UNUSED_VARIABLE = YES;
				IPHONEOS_DEPLOYMENT_TARGET = 17.2;
				LOCALIZATION_PREFERS_STRING_CATALOGS = YES;
				MTL_ENABLE_DEBUG_INFO = INCLUDE_SOURCE;
				MTL_FAST_MATH = YES;
				ONLY_ACTIVE_ARCH = YES;
				SDKROOT = iphoneos;
				SWIFT_ACTIVE_COMPILATION_CONDITIONS = "DEBUG $(inherited)";
				SWIFT_OPTIMIZATION_LEVEL = "-Onone";
			};
			name = Debug;
		};
		42B90C222B2A056000779364 /* Release */ = {
			isa = XCBuildConfiguration;
			buildSettings = {
				ALWAYS_SEARCH_USER_PATHS = NO;
				ASSETCATALOG_COMPILER_GENERATE_SWIFT_ASSET_SYMBOL_EXTENSIONS = YES;
				CLANG_ANALYZER_NONNULL = YES;
				CLANG_ANALYZER_NUMBER_OBJECT_CONVERSION = YES_AGGRESSIVE;
				CLANG_CXX_LANGUAGE_STANDARD = "gnu++20";
				CLANG_ENABLE_MODULES = YES;
				CLANG_ENABLE_OBJC_ARC = YES;
				CLANG_ENABLE_OBJC_WEAK = YES;
				CLANG_WARN_BLOCK_CAPTURE_AUTORELEASING = YES;
				CLANG_WARN_BOOL_CONVERSION = YES;
				CLANG_WARN_COMMA = YES;
				CLANG_WARN_CONSTANT_CONVERSION = YES;
				CLANG_WARN_DEPRECATED_OBJC_IMPLEMENTATIONS = YES;
				CLANG_WARN_DIRECT_OBJC_ISA_USAGE = YES_ERROR;
				CLANG_WARN_DOCUMENTATION_COMMENTS = YES;
				CLANG_WARN_EMPTY_BODY = YES;
				CLANG_WARN_ENUM_CONVERSION = YES;
				CLANG_WARN_INFINITE_RECURSION = YES;
				CLANG_WARN_INT_CONVERSION = YES;
				CLANG_WARN_NON_LITERAL_NULL_CONVERSION = YES;
				CLANG_WARN_OBJC_IMPLICIT_RETAIN_SELF = YES;
				CLANG_WARN_OBJC_LITERAL_CONVERSION = YES;
				CLANG_WARN_OBJC_ROOT_CLASS = YES_ERROR;
				CLANG_WARN_QUOTED_INCLUDE_IN_FRAMEWORK_HEADER = YES;
				CLANG_WARN_RANGE_LOOP_ANALYSIS = YES;
				CLANG_WARN_STRICT_PROTOTYPES = YES;
				CLANG_WARN_SUSPICIOUS_MOVE = YES;
				CLANG_WARN_UNGUARDED_AVAILABILITY = YES_AGGRESSIVE;
				CLANG_WARN_UNREACHABLE_CODE = YES;
				CLANG_WARN__DUPLICATE_METHOD_MATCH = YES;
				COPY_PHASE_STRIP = NO;
				DEBUG_INFORMATION_FORMAT = "dwarf-with-dsym";
				ENABLE_NS_ASSERTIONS = NO;
				ENABLE_STRICT_OBJC_MSGSEND = YES;
				ENABLE_USER_SCRIPT_SANDBOXING = YES;
				GCC_C_LANGUAGE_STANDARD = gnu17;
				GCC_NO_COMMON_BLOCKS = YES;
				GCC_WARN_64_TO_32_BIT_CONVERSION = YES;
				GCC_WARN_ABOUT_RETURN_TYPE = YES_ERROR;
				GCC_WARN_UNDECLARED_SELECTOR = YES;
				GCC_WARN_UNINITIALIZED_AUTOS = YES_AGGRESSIVE;
				GCC_WARN_UNUSED_FUNCTION = YES;
				GCC_WARN_UNUSED_VARIABLE = YES;
				IPHONEOS_DEPLOYMENT_TARGET = 17.2;
				LOCALIZATION_PREFERS_STRING_CATALOGS = YES;
				MTL_ENABLE_DEBUG_INFO = NO;
				MTL_FAST_MATH = YES;
				SDKROOT = iphoneos;
				SWIFT_COMPILATION_MODE = wholemodule;
				VALIDATE_PRODUCT = YES;
			};
			name = Release;
		};
		42B90C242B2A056000779364 /* Debug */ = {
			isa = XCBuildConfiguration;
			buildSettings = {
				ASSETCATALOG_COMPILER_APPICON_NAME = AppIcon;
				ASSETCATALOG_COMPILER_GLOBAL_ACCENT_COLOR_NAME = AccentColor;
				CODE_SIGN_STYLE = Automatic;
				CURRENT_PROJECT_VERSION = 1;
				DEVELOPMENT_TEAM = 99UMC25BBL;
				GENERATE_INFOPLIST_FILE = YES;
				INFOPLIST_FILE = TravelVista/Info.plist;
				INFOPLIST_KEY_UIApplicationSupportsIndirectInputEvents = YES;
				INFOPLIST_KEY_UILaunchStoryboardName = LaunchScreen;
				INFOPLIST_KEY_UIMainStoryboardFile = Main;
				INFOPLIST_KEY_UISupportedInterfaceOrientations = UIInterfaceOrientationPortrait;
				IPHONEOS_DEPLOYMENT_TARGET = 16.2;
				LD_RUNPATH_SEARCH_PATHS = (
					"$(inherited)",
					"@executable_path/Frameworks",
				);
				MARKETING_VERSION = 1.0;
				PRODUCT_BUNDLE_IDENTIFIER = com.amandinecousin.TravelVista;
				PRODUCT_NAME = "$(TARGET_NAME)";
				SUPPORTED_PLATFORMS = "iphoneos iphonesimulator";
				SUPPORTS_MACCATALYST = NO;
				SUPPORTS_MAC_DESIGNED_FOR_IPHONE_IPAD = NO;
				SWIFT_EMIT_LOC_STRINGS = YES;
				SWIFT_VERSION = 5.0;
				TARGETED_DEVICE_FAMILY = 1;
			};
			name = Debug;
		};
		42B90C252B2A056000779364 /* Release */ = {
			isa = XCBuildConfiguration;
			buildSettings = {
				ASSETCATALOG_COMPILER_APPICON_NAME = AppIcon;
				ASSETCATALOG_COMPILER_GLOBAL_ACCENT_COLOR_NAME = AccentColor;
				CODE_SIGN_STYLE = Automatic;
				CURRENT_PROJECT_VERSION = 1;
				DEVELOPMENT_TEAM = 99UMC25BBL;
				GENERATE_INFOPLIST_FILE = YES;
				INFOPLIST_FILE = TravelVista/Info.plist;
				INFOPLIST_KEY_UIApplicationSupportsIndirectInputEvents = YES;
				INFOPLIST_KEY_UILaunchStoryboardName = LaunchScreen;
				INFOPLIST_KEY_UIMainStoryboardFile = Main;
				INFOPLIST_KEY_UISupportedInterfaceOrientations = UIInterfaceOrientationPortrait;
				IPHONEOS_DEPLOYMENT_TARGET = 16.2;
				LD_RUNPATH_SEARCH_PATHS = (
					"$(inherited)",
					"@executable_path/Frameworks",
				);
				MARKETING_VERSION = 1.0;
				PRODUCT_BUNDLE_IDENTIFIER = com.amandinecousin.TravelVista;
				PRODUCT_NAME = "$(TARGET_NAME)";
				SUPPORTED_PLATFORMS = "iphoneos iphonesimulator";
				SUPPORTS_MACCATALYST = NO;
				SUPPORTS_MAC_DESIGNED_FOR_IPHONE_IPAD = NO;
				SWIFT_EMIT_LOC_STRINGS = YES;
				SWIFT_VERSION = 5.0;
				TARGETED_DEVICE_FAMILY = 1;
			};
			name = Release;
		};
/* End XCBuildConfiguration section */

/* Begin XCConfigurationList section */
		23F675F32C89E27500D4EEEA /* Build configuration list for PBXNativeTarget "TravelVistaTests" */ = {
			isa = XCConfigurationList;
			buildConfigurations = (
				23F675F42C89E27500D4EEEA /* Debug */,
				23F675F52C89E27500D4EEEA /* Release */,
			);
			defaultConfigurationIsVisible = 0;
			defaultConfigurationName = Release;
		};
		42B90C0A2B2A055A00779364 /* Build configuration list for PBXProject "TravelVista" */ = {
			isa = XCConfigurationList;
			buildConfigurations = (
				42B90C212B2A056000779364 /* Debug */,
				42B90C222B2A056000779364 /* Release */,
			);
			defaultConfigurationIsVisible = 0;
			defaultConfigurationName = Release;
		};
		42B90C232B2A056000779364 /* Build configuration list for PBXNativeTarget "TravelVista" */ = {
			isa = XCConfigurationList;
			buildConfigurations = (
				42B90C242B2A056000779364 /* Debug */,
				42B90C252B2A056000779364 /* Release */,
			);
			defaultConfigurationIsVisible = 0;
			defaultConfigurationName = Release;
		};
/* End XCConfigurationList section */
	};
	rootObject = 42B90C072B2A055A00779364 /* Project object */;
}
